# Generated by buf. DO NOT EDIT.
version: v1
deps:
  - remote: buf.build
    owner: googleapis
    repository: googleapis
    commit: acd896313c55464b993332136ded1b6e
    digest: shake256:66626d5e4d9c8ecf25cd72bdbfbbf62b9a68e9e9c33dab6b9b39a53a67063eeba6b8493247dd6d6240b1ac1c32eb2dc311484e67dd7d271884a960c2e5ce8c9a
