[[package]]
name = "grpcio"
version = "1.45.0"
description = "HTTP/2-based RPC framework"
category = "main"
optional = false
python-versions = ">=3.6"

[package.dependencies]
six = ">=1.5.2"

[package.extras]
protobuf = ["grpcio-tools (>=1.45.0)"]

[[package]]
name = "grpcio-reflection"
version = "1.45.0"
description = "Standard Protobuf Reflection Service for gRPC"
category = "main"
optional = false
python-versions = ">=3.6"

[package.dependencies]
grpcio = ">=1.45.0"
protobuf = ">=3.12.0"

[[package]]
name = "grpcio-tools"
version = "1.45.0"
description = "Protobuf code generator for gRPC"
category = "dev"
optional = false
python-versions = ">=3.6"

[package.dependencies]
grpcio = ">=1.45.0"
protobuf = ">=3.5.0.post1,<4.0dev"

[[package]]
name = "mypy"
version = "0.931"
description = "Optional static typing for Python"
category = "dev"
optional = false
python-versions = ">=3.6"

[package.dependencies]
mypy-extensions = ">=0.4.3"
tomli = ">=1.1.0"
typed-ast = {version = ">=1.4.0,<2", markers = "python_version < \"3.8\""}
typing-extensions = ">=3.10"

[package.extras]
dmypy = ["psutil (>=4.0)"]
python2 = ["typed-ast (>=1.4.0,<2)"]

[[package]]
name = "mypy-extensions"
version = "0.4.3"
description = "Experimental type system extensions for programs checked with the mypy typechecker."
category = "dev"
optional = false
python-versions = "*"

[[package]]
name = "mypy-protobuf"
version = "3.2.0"
description = "Generate mypy stub files from protobuf specs"
category = "dev"
optional = false
python-versions = ">=3.6"

[package.dependencies]
protobuf = ">=3.19.3"
types-protobuf = ">=3.19.5"

[[package]]
name = "protobuf"
version = "3.20.1"
description = "Protocol Buffers"
category = "main"
optional = false
python-versions = ">=3.7"

[[package]]
name = "six"
version = "1.16.0"
description = "Python 2 and 3 compatibility utilities"
category = "main"
optional = false
python-versions = ">=2.7, !=3.0.*, !=3.1.*, !=3.2.*"

[[package]]
name = "tomli"
version = "2.0.1"
description = "A lil' TOML parser"
category = "dev"
optional = false
python-versions = ">=3.7"

[[package]]
name = "typed-ast"
version = "1.5.3"
description = "a fork of Python 2 and 3 ast modules with type comment support"
category = "dev"
optional = false
python-versions = ">=3.6"

[[package]]
name = "types-protobuf"
version = "3.19.18"
description = "Typing stubs for protobuf"
category = "dev"
optional = false
python-versions = "*"

[[package]]
name = "typing-extensions"
version = "4.2.0"
description = "Backported and Experimental Type Hints for Python 3.7+"
category = "dev"
optional = false
python-versions = ">=3.7"

[metadata]
lock-version = "1.1"
python-versions = "^3.7"
content-hash = "3cc3cfa0f49760c1597b78c702b19c1ad41acbee52a6b499564e5070d4b8f837"

[metadata.files]
grpcio = [
    {file = "grpcio-1.45.0-cp310-cp310-linux_armv7l.whl", hash = "sha256:0d74a159df9401747e57960f0772f4371486e3281919004efa9df8a82985abee"},
    {file = "grpcio-1.45.0-cp310-cp310-macosx_10_10_universal2.whl", hash = "sha256:4e6d15bfdfa28e5f6d524dd3b29c7dc129cfc578505b067aa97574490c5b70fe"},
    {file = "grpcio-1.45.0-cp310-cp310-manylinux_2_17_aarch64.whl", hash = "sha256:44615be86e5540a18f5e4ca5a0f428d4b1efb800d255cfd9f902a11daca8fd74"},
    {file = "grpcio-1.45.0-cp310-cp310-manylinux_2_17_i686.manylinux2014_i686.whl", hash = "sha256:8b452f715e2cae9e75cb309f59a37f82e5b25f51f0bfc3cd1462de86265cef05"},
    {file = "grpcio-1.45.0-cp310-cp310-manylinux_2_17_x86_64.manylinux2014_x86_64.whl", hash = "sha256:db1c45daa35c64f17498af1ba6eb1d0a8d88a8a0b6b322f960ab461e7ef0419e"},
    {file = "grpcio-1.45.0-cp310-cp310-musllinux_1_1_i686.whl", hash = "sha256:678a673fe811dad3ed5bd2e2352b79851236e4d718aeaeffc10f372a55954d8d"},
    {file = "grpcio-1.45.0-cp310-cp310-musllinux_1_1_x86_64.whl", hash = "sha256:a5c8a08aff0af770c977dcede62fbed53ae7b99adbc184d5299d148bb04652f1"},
    {file = "grpcio-1.45.0-cp310-cp310-win32.whl", hash = "sha256:1d764c8a190719301ec6f3b6ddeb48a234604e337d0fbb3184a4ddcda2aca9da"},
    {file = "grpcio-1.45.0-cp310-cp310-win_amd64.whl", hash = "sha256:797f5b750be6ff2905b9d0529a00c1f873d8035a5d01a9801910ace5f0d52a18"},
    {file = "grpcio-1.45.0-cp36-cp36m-linux_armv7l.whl", hash = "sha256:b46772b7eb58c6cb0b468b56d59618694d2c2f2cee2e5b4e83ae9729a46b8af0"},
    {file = "grpcio-1.45.0-cp36-cp36m-macosx_10_10_x86_64.whl", hash = "sha256:2f135e5c8e9acd14f3090fd86dccb9d7c26aea7bfbd4528e8a86ff621d39e610"},
    {file = "grpcio-1.45.0-cp36-cp36m-manylinux_2_12_i686.manylinux2010_i686.whl", hash = "sha256:16603b9544a4af135ce4d594a7396602fbe62d1ccaa484b05cb1814c17a3e559"},
    {file = "grpcio-1.45.0-cp36-cp36m-manylinux_2_12_x86_64.manylinux2010_x86_64.whl", hash = "sha256:ccba925045c00acc9ce2cc645b6fa9d19767dbb16c9c49921013da412b1d3415"},
    {file = "grpcio-1.45.0-cp36-cp36m-manylinux_2_17_aarch64.whl", hash = "sha256:7262b9d96db79e29049c7eb2b75b03f2b9485fd838209b5ff8e3cca73b2a706c"},
    {file = "grpcio-1.45.0-cp36-cp36m-manylinux_2_17_i686.manylinux2014_i686.whl", hash = "sha256:a1c1098f35c33b985c312cacea39e2aa66f7ac1462579eed1d3aed2e51fff00d"},
    {file = "grpcio-1.45.0-cp36-cp36m-manylinux_2_17_x86_64.manylinux2014_x86_64.whl", hash = "sha256:0b18c86a9cfbedd0c4e083690fecc82027b3f938100ed0af8db77d52a171eb1e"},
    {file = "grpcio-1.45.0-cp36-cp36m-musllinux_1_1_i686.whl", hash = "sha256:638364d3603df9e4a1dbc2151b5fe1b491ceecda4e1672be86724e1dfa79c44d"},
    {file = "grpcio-1.45.0-cp36-cp36m-musllinux_1_1_x86_64.whl", hash = "sha256:8de79eac582431cb6d05ff5652e68089c40aa0e604ec1630fa52ac926bc44f1b"},
    {file = "grpcio-1.45.0-cp36-cp36m-win32.whl", hash = "sha256:6cf5f1827c182ef9b503d7d01e503c1067f4499d45af792d95ccd1d8b0bea30d"},
    {file = "grpcio-1.45.0-cp36-cp36m-win_amd64.whl", hash = "sha256:4f1a22744f93b38d393b7a83cb607029ac5e2de680cab39957ffdd116590a178"},
    {file = "grpcio-1.45.0-cp37-cp37m-linux_armv7l.whl", hash = "sha256:321f84dbc788481f7a3cd12636a133ba5f4d17e57f1c906de5a22fd709c971b5"},
    {file = "grpcio-1.45.0-cp37-cp37m-macosx_10_10_x86_64.whl", hash = "sha256:a33ed7d3e52ddc839e2f020592a4371d805c2ae820fb63b12525058e1810fe46"},
    {file = "grpcio-1.45.0-cp37-cp37m-manylinux_2_12_i686.manylinux2010_i686.whl", hash = "sha256:f9f28d8c5343602e1510d4839e38568bcd0ca6353bd98ad9941787584a371a1d"},
    {file = "grpcio-1.45.0-cp37-cp37m-manylinux_2_12_x86_64.manylinux2010_x86_64.whl", hash = "sha256:3a40dbb8aac60cf6a86583e2ba74fc2c286f1abc7a3404b25dcd12a49b9f7d8b"},
    {file = "grpcio-1.45.0-cp37-cp37m-manylinux_2_17_aarch64.whl", hash = "sha256:b00ce58323dde47d2ea240d10ee745471b9966429c97d9e6567c8d56e02b0372"},
    {file = "grpcio-1.45.0-cp37-cp37m-manylinux_2_17_i686.manylinux2014_i686.whl", hash = "sha256:bd4944f35f1e5ab54804c3e37d24921ecc01908ef871cdce6bd52995ea4f985c"},
    {file = "grpcio-1.45.0-cp37-cp37m-manylinux_2_17_x86_64.manylinux2014_x86_64.whl", hash = "sha256:cc135b77f384a84bac67a37947886986be136356446338d64160a30c85f20c6d"},
    {file = "grpcio-1.45.0-cp37-cp37m-musllinux_1_1_i686.whl", hash = "sha256:35ae55460514ed404ceaa95533b9a79989691b562faf012fc8fb143d8fd16e47"},
    {file = "grpcio-1.45.0-cp37-cp37m-musllinux_1_1_x86_64.whl", hash = "sha256:779db3d00c8da1d3efa942387cb0fea9ac6d50124d656024f82f9faefdd016e3"},
    {file = "grpcio-1.45.0-cp37-cp37m-win32.whl", hash = "sha256:aea67bd3cbf93db552c725bc0b4db0acdc6a284d036d1cc32d638305e0f01fd9"},
    {file = "grpcio-1.45.0-cp37-cp37m-win_amd64.whl", hash = "sha256:7fe3ac700cc5ecba9dc9072c0e6cfd2f964ea9f273ce1111eaa27d13aa20ec32"},
    {file = "grpcio-1.45.0-cp38-cp38-linux_armv7l.whl", hash = "sha256:259c126821fefcda298c020a0d83c4a4edac3cf10b1af12a62d250f8192ea1d1"},
    {file = "grpcio-1.45.0-cp38-cp38-macosx_10_10_x86_64.whl", hash = "sha256:5d05cd1b2b0975bb000ba97ca465565158dc211616c9bbbef5d1b77871974687"},
    {file = "grpcio-1.45.0-cp38-cp38-manylinux_2_12_i686.manylinux2010_i686.whl", hash = "sha256:6f2e044a715507fd13c70c928cd90daf8d0295c936a81fd9065a24e58ba7cc7d"},
    {file = "grpcio-1.45.0-cp38-cp38-manylinux_2_12_x86_64.manylinux2010_x86_64.whl", hash = "sha256:4d37c526b86c46d229f6117df5dca2510de597ab73c5956bc379ca41f8a1db84"},
    {file = "grpcio-1.45.0-cp38-cp38-manylinux_2_17_aarch64.whl", hash = "sha256:6df338b8d2c328ba91a25e28786d10059dea3bc9115fa1ddad30ba5d459e714a"},
    {file = "grpcio-1.45.0-cp38-cp38-manylinux_2_17_i686.manylinux2014_i686.whl", hash = "sha256:042921a824e90bf2974dbef7d89937096181298294799fb53e5576d9958884c7"},
    {file = "grpcio-1.45.0-cp38-cp38-manylinux_2_17_x86_64.manylinux2014_x86_64.whl", hash = "sha256:fb23ed6ed84ae312df03e96c7a7cd3aa5f7e3a1ad7066fdb6cd47f1bd334196c"},
    {file = "grpcio-1.45.0-cp38-cp38-musllinux_1_1_i686.whl", hash = "sha256:79582ec821ef10162348170a6e912d93ea257c749320a162dfc3a132ef25ac1b"},
    {file = "grpcio-1.45.0-cp38-cp38-musllinux_1_1_x86_64.whl", hash = "sha256:d14d372ea5a51d5ab991aa6d499a26e5a1e3b3f3af93f41826ea610f8a276c9e"},
    {file = "grpcio-1.45.0-cp38-cp38-win32.whl", hash = "sha256:b54444cf4212935a7b98cd26a30ad3a036389e4fd2ff3e461b176af876c7e20b"},
    {file = "grpcio-1.45.0-cp38-cp38-win_amd64.whl", hash = "sha256:da395720d6e9599c754f862f3f75bc0e8ff29fa55259e082e442a9cc916ffbc3"},
    {file = "grpcio-1.45.0-cp39-cp39-linux_armv7l.whl", hash = "sha256:add03308fa2d434628aeaa445e0c75cdb9535f39128eb949b1483ae83fafade6"},
    {file = "grpcio-1.45.0-cp39-cp39-macosx_10_10_x86_64.whl", hash = "sha256:250d8f18332f3dbd4db00efa91d33d336e58362e9c80e6946d45ecf5e82d95ec"},
    {file = "grpcio-1.45.0-cp39-cp39-manylinux_2_12_i686.manylinux2010_i686.whl", hash = "sha256:dfca4dfd307b449d0a1e92bc7fbb5224ccf16db384aab412ba6766fc56bdffb6"},
    {file = "grpcio-1.45.0-cp39-cp39-manylinux_2_12_x86_64.manylinux2010_x86_64.whl", hash = "sha256:b7f2dc8831045eb0c892bb947e1cba2b1ed639e79a54abff7c4ad90bdd329f78"},
    {file = "grpcio-1.45.0-cp39-cp39-manylinux_2_17_aarch64.whl", hash = "sha256:2355493a9e71f15d9004b2ab87892cb532e9e98db6882fced2912115eb5631af"},
    {file = "grpcio-1.45.0-cp39-cp39-manylinux_2_17_i686.manylinux2014_i686.whl", hash = "sha256:2798e42d62a0296982276d0bab96fc7d6772cd148357154348355304d6216763"},
    {file = "grpcio-1.45.0-cp39-cp39-manylinux_2_17_x86_64.manylinux2014_x86_64.whl", hash = "sha256:0fe6acb1439127e0bee773f8a9a3ece290cb4cac4fe8d46b10bc8dda250a990c"},
    {file = "grpcio-1.45.0-cp39-cp39-musllinux_1_1_i686.whl", hash = "sha256:6774272a59b9ee16fb0d4f53e23716953a22bbb3efe12fdf9a4ee3eec2c4f81f"},
    {file = "grpcio-1.45.0-cp39-cp39-musllinux_1_1_x86_64.whl", hash = "sha256:52f61fcb17d92b87ba47d54b3c9deae09d4f0216a3ea277b7df4b6c1794e6556"},
    {file = "grpcio-1.45.0-cp39-cp39-win32.whl", hash = "sha256:3992c690228126e5652c7a1f61863c1ebfd71369cf2adb0fce86fee1d82d2d27"},
    {file = "grpcio-1.45.0-cp39-cp39-win_amd64.whl", hash = "sha256:220867a53e53b2e201e98c55061e3053e31c0ce613625087242be684d3e8612a"},
    {file = "grpcio-1.45.0.tar.gz", hash = "sha256:ff2c8b965b0fc25cf281961aa46619c10900543effe3f806ef818231c40aaff3"},
]
grpcio-reflection = [
    {file = "grpcio-reflection-1.45.0.tar.gz", hash = "sha256:e98402e1a45076aec1af6e8900164329b46871d074349e558c629adbf8a9a6d1"},
    {file = "grpcio_reflection-1.45.0-py3-none-any.whl", hash = "sha256:cb610af083a7d01619dbd2f98dc846e0d42d1bed3b79718f03e843b0699e8496"},
]
grpcio-tools = [
    {file = "grpcio-tools-1.45.0.tar.gz", hash = "sha256:a016cfc21e0d91b3b036d3d4f968d1fdea865dfa03524cb1fbeca84719fd45a2"},
    {file = "grpcio_tools-1.45.0-cp310-cp310-linux_armv7l.whl", hash = "sha256:0431410ba4463bdb03051a6279c040a1bae1d1b12d7dd533ecfba2462725cf11"},
    {file = "grpcio_tools-1.45.0-cp310-cp310-macosx_10_10_universal2.whl", hash = "sha256:52a801063894a85f719108b438b8e71f86ca8059c25824944867879a4e8f6d2c"},
    {file = "grpcio_tools-1.45.0-cp310-cp310-manylinux_2_17_aarch64.whl", hash = "sha256:451e54b490c5d0efcb0ad7a8f7e45ec3cf452de67ee017ccb2bd1e5e45571938"},
    {file = "grpcio_tools-1.45.0-cp310-cp310-manylinux_2_17_i686.manylinux2014_i686.whl", hash = "sha256:047233beb9773f7da454711b3ec029233b494375db03f3fd2e759702b231c09f"},
    {file = "grpcio_tools-1.45.0-cp310-cp310-manylinux_2_17_x86_64.manylinux2014_x86_64.whl", hash = "sha256:210ea758250b5bb4f986713c01dc200f63b122a181a228114906bb99e5822479"},
    {file = "grpcio_tools-1.45.0-cp310-cp310-musllinux_1_1_i686.whl", hash = "sha256:e021b911fde2f86c3528f67f7937a41ef56195f637a7556409a4e88c81ab8f2d"},
    {file = "grpcio_tools-1.45.0-cp310-cp310-musllinux_1_1_x86_64.whl", hash = "sha256:ad8a74b0626b3762eeddfef2a18944f7cb9ddd80db13997fb4587185c821b10e"},
    {file = "grpcio_tools-1.45.0-cp310-cp310-win32.whl", hash = "sha256:baceb0da2ada3ec4959beef208c3685d3274b0ecc59ac531658e0d35d8f67846"},
    {file = "grpcio_tools-1.45.0-cp310-cp310-win_amd64.whl", hash = "sha256:ee423b5ebd1a6a6fa8d2cd4861a5ee758036e4d08f6a9a5eebc4ec2380bd94ef"},
    {file = "grpcio_tools-1.45.0-cp36-cp36m-linux_armv7l.whl", hash = "sha256:e286083bcf32e7bc26b67c8fb8d59a385047cd1213e205a3f0eafee50c171cc4"},
    {file = "grpcio_tools-1.45.0-cp36-cp36m-macosx_10_10_x86_64.whl", hash = "sha256:f535902209809acf5d1de59e287dd43c81e76906d4e2e51f8068a544ecc84301"},
    {file = "grpcio_tools-1.45.0-cp36-cp36m-manylinux_2_12_i686.manylinux2010_i686.whl", hash = "sha256:40842f52243c0ada1d6262a625bca31dd217e12ef7e7b3dbccaabe289d8b24e5"},
    {file = "grpcio_tools-1.45.0-cp36-cp36m-manylinux_2_12_x86_64.manylinux2010_x86_64.whl", hash = "sha256:64ec376631be21e39a631b940dd833273fc709a19ad08d993089a7bb2a958dc0"},
    {file = "grpcio_tools-1.45.0-cp36-cp36m-manylinux_2_17_aarch64.whl", hash = "sha256:b7de099ae16938aeb7c9e0f5178b9ad2be500731847e3a168be7dbad25d70dee"},
    {file = "grpcio_tools-1.45.0-cp36-cp36m-manylinux_2_17_i686.manylinux2014_i686.whl", hash = "sha256:bbee84e4fcaca03fbfb1b1defa7b226999d6fa468c72578ff900e46caf01a55b"},
    {file = "grpcio_tools-1.45.0-cp36-cp36m-manylinux_2_17_x86_64.manylinux2014_x86_64.whl", hash = "sha256:71a3beee3526b2aacbf19ad83a7737a1c9e4f8a1fad3768b644f9d8bf45f29df"},
    {file = "grpcio_tools-1.45.0-cp36-cp36m-musllinux_1_1_i686.whl", hash = "sha256:57e79e34ba8ff1d7594dd5556fbeb1ff7bb985a9f34b54da65ea6c617c02969b"},
    {file = "grpcio_tools-1.45.0-cp36-cp36m-musllinux_1_1_x86_64.whl", hash = "sha256:d8656dca6e4f729a77a156cea16141dd7206657bf303b67c157530c7e7741216"},
    {file = "grpcio_tools-1.45.0-cp36-cp36m-win32.whl", hash = "sha256:527aa1105cf2ef8e979ccbb08b0e80330cbec736b67da54d966fc9f3860d7145"},
    {file = "grpcio_tools-1.45.0-cp36-cp36m-win_amd64.whl", hash = "sha256:31bd8e8e5b383943e72b5fb8e157ee730aa6b52e8a15bb13035166e1b5b9c897"},
    {file = "grpcio_tools-1.45.0-cp37-cp37m-linux_armv7l.whl", hash = "sha256:8f64dd3098edcdc99a0ee9e680ae674a86f40f65c125a88a11610c28503844ec"},
    {file = "grpcio_tools-1.45.0-cp37-cp37m-macosx_10_10_x86_64.whl", hash = "sha256:e8808de2aac8c7b2938602cd121b37b3c44e1e80cadb4b48dc695f205ff71e2c"},
    {file = "grpcio_tools-1.45.0-cp37-cp37m-manylinux_2_12_i686.manylinux2010_i686.whl", hash = "sha256:ebb17cb82cd921b8950ddc080ba5ed9a3fc06e45942050f6127872bd6fc46325"},
    {file = "grpcio_tools-1.45.0-cp37-cp37m-manylinux_2_12_x86_64.manylinux2010_x86_64.whl", hash = "sha256:0c1a1f1a794046823aac6ae207746b503b26db992837e7b06cb4bed2dc8520ae"},
    {file = "grpcio_tools-1.45.0-cp37-cp37m-manylinux_2_17_aarch64.whl", hash = "sha256:8d9be3e3bf85820ce43ff00d800b6ad61448ab8c458c12c36696f76b81808aaa"},
    {file = "grpcio_tools-1.45.0-cp37-cp37m-manylinux_2_17_i686.manylinux2014_i686.whl", hash = "sha256:319f4905e398558c9c0d508b685976b2728ff5c6629613debb6c153e49e5ad18"},
    {file = "grpcio_tools-1.45.0-cp37-cp37m-manylinux_2_17_x86_64.manylinux2014_x86_64.whl", hash = "sha256:7db11a65e07410db1c31cbeb9afe344a6bd88a63dcd819557707ca7318478727"},
    {file = "grpcio_tools-1.45.0-cp37-cp37m-musllinux_1_1_i686.whl", hash = "sha256:477230d6d5054fc949928cbc1d50db54a5cece5d233b8ef3e0aebbf60939bdd8"},
    {file = "grpcio_tools-1.45.0-cp37-cp37m-musllinux_1_1_x86_64.whl", hash = "sha256:a33edaa319bafd7542105d25abc6d9a8a331d4684fb5886863d1c9a6cd47fa67"},
    {file = "grpcio_tools-1.45.0-cp37-cp37m-win32.whl", hash = "sha256:690b520660008687af9eb956981f6da2134f8ce299434a22314c00e9dac29fcb"},
    {file = "grpcio_tools-1.45.0-cp37-cp37m-win_amd64.whl", hash = "sha256:47c6f5c7d9ed33726ed6ed1630767a8e08e8d10497cba07ba9001b54a599d486"},
    {file = "grpcio_tools-1.45.0-cp38-cp38-linux_armv7l.whl", hash = "sha256:bfea11559bec0935b84174a2bb10ec67ca97367d71d11facbbf9bbf8f5693067"},
    {file = "grpcio_tools-1.45.0-cp38-cp38-macosx_10_10_x86_64.whl", hash = "sha256:36516f6f9957f6295d81766b1855be858055fc17cebcd4076471d697597cb2c6"},
    {file = "grpcio_tools-1.45.0-cp38-cp38-manylinux_2_12_i686.manylinux2010_i686.whl", hash = "sha256:1b4b1727cdfda8854089f03df2d2b2b0171243c54048ac1359dd89ab5c211180"},
    {file = "grpcio_tools-1.45.0-cp38-cp38-manylinux_2_12_x86_64.manylinux2010_x86_64.whl", hash = "sha256:b2425c9cbc1c400a4fd7adcefde7c524c46e7f42f3f2cb52a15399bc559d4fe0"},
    {file = "grpcio_tools-1.45.0-cp38-cp38-manylinux_2_17_aarch64.whl", hash = "sha256:1b4a5dcd433377cedb18cff3c79050c638ce7d6223de9ad9119157994558e37b"},
    {file = "grpcio_tools-1.45.0-cp38-cp38-manylinux_2_17_i686.manylinux2014_i686.whl", hash = "sha256:ed8306de5f8076d2fa0ba2a787c7fd1aecc4b901b2af1113acec21cea8178caf"},
    {file = "grpcio_tools-1.45.0-cp38-cp38-manylinux_2_17_x86_64.manylinux2014_x86_64.whl", hash = "sha256:19ce25a2d573b2057af7d57aa7c80819db90cb92d20eafc8e8ae1448fe9941b1"},
    {file = "grpcio_tools-1.45.0-cp38-cp38-musllinux_1_1_i686.whl", hash = "sha256:e3729ecd8bc42e783faba7243d315b1beb44021bc146afec0537791b47980878"},
    {file = "grpcio_tools-1.45.0-cp38-cp38-musllinux_1_1_x86_64.whl", hash = "sha256:b7cf16c448e19b10f9fb13327d930925ef053bb21dcd858a20184d2a8f55ce18"},
    {file = "grpcio_tools-1.45.0-cp38-cp38-win32.whl", hash = "sha256:367dfa639abc4538843043ab2dd6bf5b0232ddc519418f1e1287e855e7cf27c4"},
    {file = "grpcio_tools-1.45.0-cp38-cp38-win_amd64.whl", hash = "sha256:115ae6a8df239987b662b228771ab9c1d4db3cc4db3da6d184a1b95bc9759d91"},
    {file = "grpcio_tools-1.45.0-cp39-cp39-linux_armv7l.whl", hash = "sha256:6e7b53a8a605f91e0f9584481b74b008f321ea22461f075eeaebaf98b2de372f"},
    {file = "grpcio_tools-1.45.0-cp39-cp39-macosx_10_10_x86_64.whl", hash = "sha256:ad49ad7f6f5ea305d92ce33f773f7d9a667742010d1ec02a1a0626b735cf57dd"},
    {file = "grpcio_tools-1.45.0-cp39-cp39-manylinux_2_12_i686.manylinux2010_i686.whl", hash = "sha256:713ffedf8c01dc34c1d69121c0b3421f557674681ffc0e004205d9bb0fc994b9"},
    {file = "grpcio_tools-1.45.0-cp39-cp39-manylinux_2_12_x86_64.manylinux2010_x86_64.whl", hash = "sha256:bf423863263933a98706e8a8b775c81d62e911222dbeb2b62ba60da815394ae2"},
    {file = "grpcio_tools-1.45.0-cp39-cp39-manylinux_2_17_aarch64.whl", hash = "sha256:5cfd3e7c082a3a01f65fdf3a3ab9168dea36102bf7326edfe03a1f592fe244e4"},
    {file = "grpcio_tools-1.45.0-cp39-cp39-manylinux_2_17_i686.manylinux2014_i686.whl", hash = "sha256:b6437665cd46e4dd39343c69da4c18f761868c632793ce6c436942d1b33fd930"},
    {file = "grpcio_tools-1.45.0-cp39-cp39-manylinux_2_17_x86_64.manylinux2014_x86_64.whl", hash = "sha256:79d951338e18c90f9e412cbe3e747530c94bd7c71963574e70cf7cdb7c113c01"},
    {file = "grpcio_tools-1.45.0-cp39-cp39-musllinux_1_1_i686.whl", hash = "sha256:737d1c0e359b83f45b5d7170ea9bb08e5f90dd36126097b7a8e7ad62ade867be"},
    {file = "grpcio_tools-1.45.0-cp39-cp39-musllinux_1_1_x86_64.whl", hash = "sha256:4b6e5c48eb28a215f9d6e76d646406d2505c1a5ae8864273960a73e5c09fe982"},
    {file = "grpcio_tools-1.45.0-cp39-cp39-win32.whl", hash = "sha256:63d66c90f816601385a085726eb678c6c872aed7911df4232d906fc240159c83"},
    {file = "grpcio_tools-1.45.0-cp39-cp39-win_amd64.whl", hash = "sha256:54dfd7d777664973b794b2fe585748f87f1066a4d6bb0af4f918b353b91bd434"},
]
mypy = [
    {file = "mypy-0.931-cp310-cp310-macosx_10_9_x86_64.whl", hash = "sha256:3c5b42d0815e15518b1f0990cff7a705805961613e701db60387e6fb663fe78a"},
    {file = "mypy-0.931-cp310-cp310-macosx_11_0_arm64.whl", hash = "sha256:c89702cac5b302f0c5d33b172d2b55b5df2bede3344a2fbed99ff96bddb2cf00"},
    {file = "mypy-0.931-cp310-cp310-manylinux_2_5_x86_64.manylinux1_x86_64.manylinux_2_12_x86_64.manylinux2010_x86_64.whl", hash = "sha256:300717a07ad09525401a508ef5d105e6b56646f7942eb92715a1c8d610149714"},
    {file = "mypy-0.931-cp310-cp310-win_amd64.whl", hash = "sha256:7b3f6f557ba4afc7f2ce6d3215d5db279bcf120b3cfd0add20a5d4f4abdae5bc"},
    {file = "mypy-0.931-cp36-cp36m-macosx_10_9_x86_64.whl", hash = "sha256:1bf752559797c897cdd2c65f7b60c2b6969ffe458417b8d947b8340cc9cec08d"},
    {file = "mypy-0.931-cp36-cp36m-manylinux_2_5_x86_64.manylinux1_x86_64.manylinux_2_12_x86_64.manylinux2010_x86_64.whl", hash = "sha256:4365c60266b95a3f216a3047f1d8e3f895da6c7402e9e1ddfab96393122cc58d"},
    {file = "mypy-0.931-cp36-cp36m-win_amd64.whl", hash = "sha256:1b65714dc296a7991000b6ee59a35b3f550e0073411ac9d3202f6516621ba66c"},
    {file = "mypy-0.931-cp37-cp37m-macosx_10_9_x86_64.whl", hash = "sha256:e839191b8da5b4e5d805f940537efcaa13ea5dd98418f06dc585d2891d228cf0"},
    {file = "mypy-0.931-cp37-cp37m-manylinux_2_5_x86_64.manylinux1_x86_64.manylinux_2_12_x86_64.manylinux2010_x86_64.whl", hash = "sha256:50c7346a46dc76a4ed88f3277d4959de8a2bd0a0fa47fa87a4cde36fe247ac05"},
    {file = "mypy-0.931-cp37-cp37m-win_amd64.whl", hash = "sha256:d8f1ff62f7a879c9fe5917b3f9eb93a79b78aad47b533911b853a757223f72e7"},
    {file = "mypy-0.931-cp38-cp38-macosx_10_9_x86_64.whl", hash = "sha256:f9fe20d0872b26c4bba1c1be02c5340de1019530302cf2dcc85c7f9fc3252ae0"},
    {file = "mypy-0.931-cp38-cp38-macosx_11_0_arm64.whl", hash = "sha256:1b06268df7eb53a8feea99cbfff77a6e2b205e70bf31743e786678ef87ee8069"},
    {file = "mypy-0.931-cp38-cp38-manylinux_2_5_x86_64.manylinux1_x86_64.manylinux_2_12_x86_64.manylinux2010_x86_64.whl", hash = "sha256:8c11003aaeaf7cc2d0f1bc101c1cc9454ec4cc9cb825aef3cafff8a5fdf4c799"},
    {file = "mypy-0.931-cp38-cp38-win_amd64.whl", hash = "sha256:d9d2b84b2007cea426e327d2483238f040c49405a6bf4074f605f0156c91a47a"},
    {file = "mypy-0.931-cp39-cp39-macosx_10_9_x86_64.whl", hash = "sha256:ff3bf387c14c805ab1388185dd22d6b210824e164d4bb324b195ff34e322d166"},
    {file = "mypy-0.931-cp39-cp39-macosx_11_0_arm64.whl", hash = "sha256:5b56154f8c09427bae082b32275a21f500b24d93c88d69a5e82f3978018a0266"},
    {file = "mypy-0.931-cp39-cp39-manylinux_2_5_x86_64.manylinux1_x86_64.manylinux_2_12_x86_64.manylinux2010_x86_64.whl", hash = "sha256:8ca7f8c4b1584d63c9a0f827c37ba7a47226c19a23a753d52e5b5eddb201afcd"},
    {file = "mypy-0.931-cp39-cp39-win_amd64.whl", hash = "sha256:74f7eccbfd436abe9c352ad9fb65872cc0f1f0a868e9d9c44db0893440f0c697"},
    {file = "mypy-0.931-py3-none-any.whl", hash = "sha256:1171f2e0859cfff2d366da2c7092b06130f232c636a3f7301e3feb8b41f6377d"},
    {file = "mypy-0.931.tar.gz", hash = "sha256:0038b21890867793581e4cb0d810829f5fd4441aa75796b53033af3aa30430ce"},
]
mypy-extensions = [
    {file = "mypy_extensions-0.4.3-py2.py3-none-any.whl", hash = "sha256:090fedd75945a69ae91ce1303b5824f428daf5a028d2f6ab8a299250a846f15d"},
    {file = "mypy_extensions-0.4.3.tar.gz", hash = "sha256:2d82818f5bb3e369420cb3c4060a7970edba416647068eb4c5343488a6c604a8"},
]
mypy-protobuf = [
    {file = "mypy-protobuf-3.2.0.tar.gz", hash = "sha256:730aa15337c38f0446fbe08f6c6c2370ee01d395125369d4b70e08b1e2ee30ee"},
    {file = "mypy_protobuf-3.2.0-py3-none-any.whl", hash = "sha256:65fc0492165f4a3c0aff69b03e34096fc1453e4dac8f14b4e9c2306cdde06010"},
]
protobuf = [
    {file = "protobuf-3.20.1-cp310-cp310-macosx_10_9_universal2.whl", hash = "sha256:3cc797c9d15d7689ed507b165cd05913acb992d78b379f6014e013f9ecb20996"},
    {file = "protobuf-3.20.1-cp310-cp310-manylinux2014_aarch64.whl", hash = "sha256:ff8d8fa42675249bb456f5db06c00de6c2f4c27a065955917b28c4f15978b9c3"},
    {file = "protobuf-3.20.1-cp310-cp310-manylinux_2_12_x86_64.manylinux2010_x86_64.whl", hash = "sha256:cd68be2559e2a3b84f517fb029ee611546f7812b1fdd0aa2ecc9bc6ec0e4fdde"},
    {file = "protobuf-3.20.1-cp310-cp310-win32.whl", hash = "sha256:9016d01c91e8e625141d24ec1b20fed584703e527d28512aa8c8707f105a683c"},
    {file = "protobuf-3.20.1-cp310-cp310-win_amd64.whl", hash = "sha256:32ca378605b41fd180dfe4e14d3226386d8d1b002ab31c969c366549e66a2bb7"},
    {file = "protobuf-3.20.1-cp36-cp36m-macosx_10_9_x86_64.whl", hash = "sha256:9be73ad47579abc26c12024239d3540e6b765182a91dbc88e23658ab71767153"},
    {file = "protobuf-3.20.1-cp36-cp36m-manylinux_2_5_x86_64.manylinux1_x86_64.whl", hash = "sha256:097c5d8a9808302fb0da7e20edf0b8d4703274d140fd25c5edabddcde43e081f"},
    {file = "protobuf-3.20.1-cp37-cp37m-macosx_10_9_x86_64.whl", hash = "sha256:e250a42f15bf9d5b09fe1b293bdba2801cd520a9f5ea2d7fb7536d4441811d20"},
    {file = "protobuf-3.20.1-cp37-cp37m-manylinux2014_aarch64.whl", hash = "sha256:cdee09140e1cd184ba9324ec1df410e7147242b94b5f8b0c64fc89e38a8ba531"},
    {file = "protobuf-3.20.1-cp37-cp37m-manylinux_2_5_x86_64.manylinux1_x86_64.whl", hash = "sha256:af0ebadc74e281a517141daad9d0f2c5d93ab78e9d455113719a45a49da9db4e"},
    {file = "protobuf-3.20.1-cp37-cp37m-win32.whl", hash = "sha256:755f3aee41354ae395e104d62119cb223339a8f3276a0cd009ffabfcdd46bb0c"},
    {file = "protobuf-3.20.1-cp37-cp37m-win_amd64.whl", hash = "sha256:62f1b5c4cd6c5402b4e2d63804ba49a327e0c386c99b1675c8a0fefda23b2067"},
    {file = "protobuf-3.20.1-cp38-cp38-macosx_10_9_x86_64.whl", hash = "sha256:06059eb6953ff01e56a25cd02cca1a9649a75a7e65397b5b9b4e929ed71d10cf"},
    {file = "protobuf-3.20.1-cp38-cp38-manylinux2014_aarch64.whl", hash = "sha256:cb29edb9eab15742d791e1025dd7b6a8f6fcb53802ad2f6e3adcb102051063ab"},
    {file = "protobuf-3.20.1-cp38-cp38-manylinux_2_5_x86_64.manylinux1_x86_64.whl", hash = "sha256:69ccfdf3657ba59569c64295b7d51325f91af586f8d5793b734260dfe2e94e2c"},
    {file = "protobuf-3.20.1-cp38-cp38-win32.whl", hash = "sha256:dd5789b2948ca702c17027c84c2accb552fc30f4622a98ab5c51fcfe8c50d3e7"},
    {file = "protobuf-3.20.1-cp38-cp38-win_amd64.whl", hash = "sha256:77053d28427a29987ca9caf7b72ccafee011257561259faba8dd308fda9a8739"},
    {file = "protobuf-3.20.1-cp39-cp39-macosx_10_9_x86_64.whl", hash = "sha256:6f50601512a3d23625d8a85b1638d914a0970f17920ff39cec63aaef80a93fb7"},
    {file = "protobuf-3.20.1-cp39-cp39-manylinux2014_aarch64.whl", hash = "sha256:284f86a6207c897542d7e956eb243a36bb8f9564c1742b253462386e96c6b78f"},
    {file = "protobuf-3.20.1-cp39-cp39-manylinux_2_5_x86_64.manylinux1_x86_64.whl", hash = "sha256:7403941f6d0992d40161aa8bb23e12575637008a5a02283a930addc0508982f9"},
    {file = "protobuf-3.20.1-cp39-cp39-win32.whl", hash = "sha256:db977c4ca738dd9ce508557d4fce0f5aebd105e158c725beec86feb1f6bc20d8"},
    {file = "protobuf-3.20.1-cp39-cp39-win_amd64.whl", hash = "sha256:7e371f10abe57cee5021797126c93479f59fccc9693dafd6bd5633ab67808a91"},
    {file = "protobuf-3.20.1-py2.py3-none-any.whl", hash = "sha256:adfc6cf69c7f8c50fd24c793964eef18f0ac321315439d94945820612849c388"},
    {file = "protobuf-3.20.1.tar.gz", hash = "sha256:adc31566d027f45efe3f44eeb5b1f329da43891634d61c75a5944e9be6dd42c9"},
]
six = [
    {file = "six-1.16.0-py2.py3-none-any.whl", hash = "sha256:8abb2f1d86890a2dfb989f9a77cfcfd3e47c2a354b01111771326f8aa26e0254"},
    {file = "six-1.16.0.tar.gz", hash = "sha256:1e61c37477a1626458e36f7b1d82aa5c9b094fa4802892072e49de9c60c4c926"},
]
tomli = [
    {file = "tomli-2.0.1-py3-none-any.whl", hash = "sha256:939de3e7a6161af0c887ef91b7d41a53e7c5a1ca976325f429cb46ea9bc30ecc"},
    {file = "tomli-2.0.1.tar.gz", hash = "sha256:de526c12914f0c550d15924c62d72abc48d6fe7364aa87328337a31007fe8a4f"},
]
typed-ast = [
    {file = "typed_ast-1.5.3-cp310-cp310-macosx_10_9_x86_64.whl", hash = "sha256:9ad3b48cf2b487be140072fb86feff36801487d4abb7382bb1929aaac80638ea"},
    {file = "typed_ast-1.5.3-cp310-cp310-macosx_11_0_arm64.whl", hash = "sha256:542cd732351ba8235f20faa0fc7398946fe1a57f2cdb289e5497e1e7f48cfedb"},
    {file = "typed_ast-1.5.3-cp310-cp310-manylinux_2_17_aarch64.manylinux2014_aarch64.whl", hash = "sha256:5dc2c11ae59003d4a26dda637222d9ae924387f96acae9492df663843aefad55"},
    {file = "typed_ast-1.5.3-cp310-cp310-manylinux_2_5_x86_64.manylinux1_x86_64.manylinux_2_12_x86_64.manylinux2010_x86_64.whl", hash = "sha256:fd5df1313915dbd70eaaa88c19030b441742e8b05e6103c631c83b75e0435ccc"},
    {file = "typed_ast-1.5.3-cp310-cp310-win_amd64.whl", hash = "sha256:e34f9b9e61333ecb0f7d79c21c28aa5cd63bec15cb7e1310d7d3da6ce886bc9b"},
    {file = "typed_ast-1.5.3-cp36-cp36m-macosx_10_9_x86_64.whl", hash = "sha256:f818c5b81966d4728fec14caa338e30a70dfc3da577984d38f97816c4b3071ec"},
    {file = "typed_ast-1.5.3-cp36-cp36m-manylinux_2_17_aarch64.manylinux2014_aarch64.whl", hash = "sha256:3042bfc9ca118712c9809201f55355479cfcdc17449f9f8db5e744e9625c6805"},
    {file = "typed_ast-1.5.3-cp36-cp36m-manylinux_2_5_x86_64.manylinux1_x86_64.manylinux_2_12_x86_64.manylinux2010_x86_64.whl", hash = "sha256:4fff9fdcce59dc61ec1b317bdb319f8f4e6b69ebbe61193ae0a60c5f9333dc49"},
    {file = "typed_ast-1.5.3-cp36-cp36m-win_amd64.whl", hash = "sha256:8e0b8528838ffd426fea8d18bde4c73bcb4167218998cc8b9ee0a0f2bfe678a6"},
    {file = "typed_ast-1.5.3-cp37-cp37m-macosx_10_9_x86_64.whl", hash = "sha256:8ef1d96ad05a291f5c36895d86d1375c0ee70595b90f6bb5f5fdbee749b146db"},
    {file = "typed_ast-1.5.3-cp37-cp37m-manylinux_2_17_aarch64.manylinux2014_aarch64.whl", hash = "sha256:ed44e81517364cb5ba367e4f68fca01fba42a7a4690d40c07886586ac267d9b9"},
    {file = "typed_ast-1.5.3-cp37-cp37m-manylinux_2_5_x86_64.manylinux1_x86_64.manylinux_2_12_x86_64.manylinux2010_x86_64.whl", hash = "sha256:f60d9de0d087454c91b3999a296d0c4558c1666771e3460621875021bf899af9"},
    {file = "typed_ast-1.5.3-cp37-cp37m-win_amd64.whl", hash = "sha256:9e237e74fd321a55c90eee9bc5d44be976979ad38a29bbd734148295c1ce7617"},
    {file = "typed_ast-1.5.3-cp38-cp38-macosx_10_9_x86_64.whl", hash = "sha256:ee852185964744987609b40aee1d2eb81502ae63ee8eef614558f96a56c1902d"},
    {file = "typed_ast-1.5.3-cp38-cp38-macosx_11_0_arm64.whl", hash = "sha256:27e46cdd01d6c3a0dd8f728b6a938a6751f7bd324817501c15fb056307f918c6"},
    {file = "typed_ast-1.5.3-cp38-cp38-manylinux_2_17_aarch64.manylinux2014_aarch64.whl", hash = "sha256:d64dabc6336ddc10373922a146fa2256043b3b43e61f28961caec2a5207c56d5"},
    {file = "typed_ast-1.5.3-cp38-cp38-manylinux_2_5_x86_64.manylinux1_x86_64.manylinux_2_12_x86_64.manylinux2010_x86_64.whl", hash = "sha256:8cdf91b0c466a6c43f36c1964772918a2c04cfa83df8001ff32a89e357f8eb06"},
    {file = "typed_ast-1.5.3-cp38-cp38-win_amd64.whl", hash = "sha256:9cc9e1457e1feb06b075c8ef8aeb046a28ec351b1958b42c7c31c989c841403a"},
    {file = "typed_ast-1.5.3-cp39-cp39-macosx_10_9_x86_64.whl", hash = "sha256:e20d196815eeffb3d76b75223e8ffed124e65ee62097e4e73afb5fec6b993e7a"},
    {file = "typed_ast-1.5.3-cp39-cp39-macosx_11_0_arm64.whl", hash = "sha256:37e5349d1d5de2f4763d534ccb26809d1c24b180a477659a12c4bde9dd677d74"},
    {file = "typed_ast-1.5.3-cp39-cp39-manylinux_2_17_aarch64.manylinux2014_aarch64.whl", hash = "sha256:c9f1a27592fac87daa4e3f16538713d705599b0a27dfe25518b80b6b017f0a6d"},
    {file = "typed_ast-1.5.3-cp39-cp39-manylinux_2_5_x86_64.manylinux1_x86_64.manylinux_2_12_x86_64.manylinux2010_x86_64.whl", hash = "sha256:8831479695eadc8b5ffed06fdfb3e424adc37962a75925668deeb503f446c0a3"},
    {file = "typed_ast-1.5.3-cp39-cp39-win_amd64.whl", hash = "sha256:20d5118e494478ef2d3a2702d964dae830aedd7b4d3b626d003eea526be18718"},
    {file = "typed_ast-1.5.3.tar.gz", hash = "sha256:27f25232e2dd0edfe1f019d6bfaaf11e86e657d9bdb7b0956db95f560cceb2b3"},
]
types-protobuf = [
    {file = "types-protobuf-3.19.18.tar.gz", hash = "sha256:670b25c1a4f3d650a9d8a009b0cf19a1aa0e7cba044045648b563e825f35d4d3"},
    {file = "types_protobuf-3.19.18-py3-none-any.whl", hash = "sha256:78d677fefb10e3ea88b8c0fab543833e82cd6eb27e3f71aeda2d5cd9bd503ae1"},
]
typing-extensions = [
    {file = "typing_extensions-4.2.0-py3-none-any.whl", hash = "sha256:6657594ee297170d19f67d55c05852a874e7eb634f4f753dbd667855e07c1708"},
    {file = "typing_extensions-4.2.0.tar.gz", hash = "sha256:f1c24655a0da0d1b67f07e17a5e6b2a105894e6824b92096378bb3668ef02376"},
]
