[[package]]
name = "aiomultiprocess"
version = "0.9.0"
description = "AsyncIO version of the standard multiprocessing module"
category = "main"
optional = false
python-versions = ">=3.6"

[[package]]
name = "grpcio"
version = "1.37.0"
description = "HTTP/2-based RPC framework"
category = "main"
optional = false
python-versions = "*"

[package.dependencies]
six = ">=1.5.2"

[package.extras]
protobuf = ["grpcio-tools (>=1.37.0)"]

[[package]]
name = "grpcio-tools"
version = "1.37.0"
description = "Protobuf code generator for gRPC"
category = "dev"
optional = false
python-versions = "*"

[package.dependencies]
grpcio = ">=1.37.0"
protobuf = ">=3.5.0.post1,<4.0dev"

[[package]]
name = "mypy"
version = "0.812"
description = "Optional static typing for Python"
category = "dev"
optional = false
python-versions = ">=3.5"

[package.dependencies]
mypy-extensions = ">=0.4.3,<0.5.0"
typed-ast = ">=1.4.0,<1.5.0"
typing-extensions = ">=3.7.4"

[package.extras]
dmypy = ["psutil (>=4.0)"]

[[package]]
name = "mypy-extensions"
version = "0.4.3"
description = "Experimental type system extensions for programs checked with the mypy typechecker."
category = "dev"
optional = false
python-versions = "*"

[[package]]
name = "mypy-protobuf"
version = "2.4"
description = "Generate mypy stub files from protobuf specs"
category = "dev"
optional = false
python-versions = ">=3.6"

[package.dependencies]
protobuf = ">=3.14.0"

[[package]]
name = "protobuf"
version = "3.15.8"
description = "Protocol Buffers"
category = "main"
optional = false
python-versions = "*"

[package.dependencies]
six = ">=1.9"

[[package]]
name = "six"
version = "1.15.0"
description = "Python 2 and 3 compatibility utilities"
category = "main"
optional = false
python-versions = ">=2.7, !=3.0.*, !=3.1.*, !=3.2.*"

[[package]]
name = "typed-ast"
version = "1.4.3"
description = "a fork of Python 2 and 3 ast modules with type comment support"
category = "dev"
optional = false
python-versions = "*"

[[package]]
name = "typing-extensions"
version = "3.7.4.3"
description = "Backported and Experimental Type Hints for Python 3.5+"
category = "dev"
optional = false
python-versions = "*"

[metadata]
lock-version = "1.1"
python-versions = "^3.6"
content-hash = "c9f299276b1322b32985ca29e12a8f47312328bc10277bf63bc24e6576c05891"

[metadata.files]
aiomultiprocess = [
    {file = "aiomultiprocess-0.9.0-py3-none-any.whl", hash = "sha256:3036c4c881cfbc63674686e036097f22309017c6bf96b04722a542ac9cac7423"},
    {file = "aiomultiprocess-0.9.0.tar.gz", hash = "sha256:07e7d5657697678d9d2825d4732dfd7655139762dee665167380797c02c68848"},
]
grpcio = [
    {file = "grpcio-1.37.0-cp27-cp27m-macosx_10_10_x86_64.whl", hash = "sha256:8a0517e7a6784439a3730e50597bd64debf776692adea3c18f869a36454952e1"},
    {file = "grpcio-1.37.0-cp27-cp27m-manylinux2010_i686.whl", hash = "sha256:96ca74522bcd979856d359fcca3128f760c69885d264dc22044fd1a468e0eb68"},
    {file = "grpcio-1.37.0-cp27-cp27m-manylinux2010_x86_64.whl", hash = "sha256:3da2b0b8afe3ef34c9e2f90329b1f170fc50db5c4d0bbe986946caa659e5ed17"},
    {file = "grpcio-1.37.0-cp27-cp27m-win32.whl", hash = "sha256:0634cd805c6725ab71bebaf3370da0e5d32339c26eb1b6ad0f73d64224e19ddf"},
    {file = "grpcio-1.37.0-cp27-cp27m-win_amd64.whl", hash = "sha256:fe14c86c58190463f6e714637bba366874ca1e518ff1f82723d90765e6e39288"},
    {file = "grpcio-1.37.0-cp27-cp27mu-manylinux2010_i686.whl", hash = "sha256:14d7a15030a3f72cfd16dde8018d9f0e29e3f52cb566506dc942220b69b65de8"},
    {file = "grpcio-1.37.0-cp27-cp27mu-manylinux2010_x86_64.whl", hash = "sha256:9d389f4e008edbd91082baff37507bbf4b25afd6c239c8070071f8936466a374"},
    {file = "grpcio-1.37.0-cp35-cp35m-macosx_10_10_intel.whl", hash = "sha256:a8b0914e6ac8987b8f59fcfb79519c5ce8df279b19d1c88bda2fc6e147821217"},
    {file = "grpcio-1.37.0-cp35-cp35m-manylinux2010_i686.whl", hash = "sha256:aaf44d496fe53ca1414677cab73b7935d01006f0b8ab4a32ab18704643a80ab5"},
    {file = "grpcio-1.37.0-cp35-cp35m-manylinux2010_x86_64.whl", hash = "sha256:fb6588a47d096cdaa0815d108b714d3e273361bfe03bc47725ddb1fdeaa56061"},
    {file = "grpcio-1.37.0-cp35-cp35m-manylinux2014_i686.whl", hash = "sha256:9b872b6c8ab618caa9bdee871c51021c7cc4890c141e7ee7bb6b923174bb299a"},
    {file = "grpcio-1.37.0-cp35-cp35m-manylinux2014_x86_64.whl", hash = "sha256:810d488804291f22cb696692cfddf75b12bbc9d34beca0159d99103286ac0091"},
    {file = "grpcio-1.37.0-cp35-cp35m-win32.whl", hash = "sha256:55fbdb9a2f81b28bd15af5c6e6669a2c8bb0bdb2add74c8818f9593a7428a164"},
    {file = "grpcio-1.37.0-cp35-cp35m-win_amd64.whl", hash = "sha256:fa6cfecbafbab8c4a229c42787b02cf58d0f128ad43c27b89c4df603b66d7f3c"},
    {file = "grpcio-1.37.0-cp36-cp36m-linux_armv7l.whl", hash = "sha256:b36eeb8a29f214f876ddda563990267a8b35d0a6da587edfa97effa4cdf6e5bd"},
    {file = "grpcio-1.37.0-cp36-cp36m-macosx_10_10_x86_64.whl", hash = "sha256:a89b5d2f64d588b46a8b77c04ada4c68ee1cfd0b7a148ff9108d72eefdc9b363"},
    {file = "grpcio-1.37.0-cp36-cp36m-manylinux2010_i686.whl", hash = "sha256:e0169f550dc9ba88da0bb60b8198437d9bd0e8600d600e3569cd3ba7d2ce0bc7"},
    {file = "grpcio-1.37.0-cp36-cp36m-manylinux2010_x86_64.whl", hash = "sha256:4408b2732fdf93f735ecb059193219528981d27483feaa822970226d5c66c143"},
    {file = "grpcio-1.37.0-cp36-cp36m-manylinux2014_i686.whl", hash = "sha256:5784d1e4877345efb6655f6851809441478769558565d8291a54e1bd3f19548b"},
    {file = "grpcio-1.37.0-cp36-cp36m-manylinux2014_x86_64.whl", hash = "sha256:96e3d85eb63d144656611eef4683f5b4003e1deec93bc2d6cbc5cf330f275a7e"},
    {file = "grpcio-1.37.0-cp36-cp36m-win32.whl", hash = "sha256:e1a5322d63346afdda8ad7ff8cf9933a0ab029546395eae31af7cd27ef75e47b"},
    {file = "grpcio-1.37.0-cp36-cp36m-win_amd64.whl", hash = "sha256:5e11b7176e7c14675868b7c46b7aa2da0b184cf7c189348f3ad7c98829de07be"},
    {file = "grpcio-1.37.0-cp37-cp37m-linux_armv7l.whl", hash = "sha256:6c2798eaef4eebcf3f9d62b49652bc1110787c684861605d20fec842580f6cee"},
    {file = "grpcio-1.37.0-cp37-cp37m-macosx_10_10_x86_64.whl", hash = "sha256:3e541240650f9173b4891f3e252234976199e487b9bd771e4f082403db50130d"},
    {file = "grpcio-1.37.0-cp37-cp37m-manylinux2010_i686.whl", hash = "sha256:b4f3ddfed733264c4f6431302e5fbafdd9c03f166b98b04d16a058fae3101a5d"},
    {file = "grpcio-1.37.0-cp37-cp37m-manylinux2010_x86_64.whl", hash = "sha256:f16e40ea37600fe21b51651617867c46d26dcb3f25a5912b7e61c7199b3f5a9f"},
    {file = "grpcio-1.37.0-cp37-cp37m-manylinux2014_aarch64.whl", hash = "sha256:b897b825fb464c940001a2cc1d631f418f5b071ccff64647148dbf99c775b98b"},
    {file = "grpcio-1.37.0-cp37-cp37m-manylinux2014_i686.whl", hash = "sha256:5e598af1d64ece6a91797b2dcacaf2d537ffb1c0075ecd184c62976068ce1f09"},
    {file = "grpcio-1.37.0-cp37-cp37m-manylinux2014_x86_64.whl", hash = "sha256:1a167d39b1db6e1b29653d69938ff79936602e95863db897ff9eeab81366b304"},
    {file = "grpcio-1.37.0-cp37-cp37m-win32.whl", hash = "sha256:c4f71341c20327bda9f8c28c35d1475af335bb27e591e7f6409d493b49e06223"},
    {file = "grpcio-1.37.0-cp37-cp37m-win_amd64.whl", hash = "sha256:e86acc1462bc796df672568492d24c6b4e7692e3f58b873d56b215dc65553ae1"},
    {file = "grpcio-1.37.0-cp38-cp38-linux_armv7l.whl", hash = "sha256:28f94700775ceca8820fa2c141501ec713e821de7362b966f8d7bf4d8e1eb93a"},
    {file = "grpcio-1.37.0-cp38-cp38-macosx_10_10_x86_64.whl", hash = "sha256:ca5c96c61289c001b9bcd607dcc1df3060eb8cc13088baf8a6e13268e4879a1f"},
    {file = "grpcio-1.37.0-cp38-cp38-manylinux2010_i686.whl", hash = "sha256:06cae65dc4557a445748092a61f2adb425ee472088a7e39826369f1f0ae9ffea"},
    {file = "grpcio-1.37.0-cp38-cp38-manylinux2010_x86_64.whl", hash = "sha256:6986d58240addd69e001e2e0e97c4b198370dd575162ab4bb1e3ea3816103e75"},
    {file = "grpcio-1.37.0-cp38-cp38-manylinux2014_aarch64.whl", hash = "sha256:606f0bbfac3860cb6f23f8ebabb974c14db8797317a86d6df063b132f64318f9"},
    {file = "grpcio-1.37.0-cp38-cp38-manylinux2014_i686.whl", hash = "sha256:1c611a4d137a40f8a6803933dd77ab43f04cc54c27fb0e07483fd37b70e7dae6"},
    {file = "grpcio-1.37.0-cp38-cp38-manylinux2014_x86_64.whl", hash = "sha256:3acfb47d930daec7127a7bc27a7e9c1c276d5e4ae3d2b04a4c7a33432712c811"},
    {file = "grpcio-1.37.0-cp38-cp38-win32.whl", hash = "sha256:575b49cbdd7286df9f77451709060a4a311a9c8767e89cf4e28d3b3200893de4"},
    {file = "grpcio-1.37.0-cp38-cp38-win_amd64.whl", hash = "sha256:04582b260ff0c953011819b1964e875139a7a43adb84621d3ab57f66d0f3d04e"},
    {file = "grpcio-1.37.0-cp39-cp39-linux_armv7l.whl", hash = "sha256:00f0acc463d9e6b1e74e71ce516c8cabd053619d08dd81765eb573492811de54"},
    {file = "grpcio-1.37.0-cp39-cp39-macosx_10_10_x86_64.whl", hash = "sha256:4eb3907fda03eda8bdb7d666f5371b6500a9054f355a547961da1ee231d2d6aa"},
    {file = "grpcio-1.37.0-cp39-cp39-manylinux2010_i686.whl", hash = "sha256:3eecf543aa66f7d8304f82854132df6116476279a8e3ba0665c5d93f1ef622de"},
    {file = "grpcio-1.37.0-cp39-cp39-manylinux2010_x86_64.whl", hash = "sha256:91f91388e6f72a5d15161124458ad62387470f3a0a16b488db169232f79dd4d2"},
    {file = "grpcio-1.37.0-cp39-cp39-manylinux2014_aarch64.whl", hash = "sha256:efb928f1a3fd5889b9045c323077d2696937cf9cdb7d2e60b90caa7da5bd1ce9"},
    {file = "grpcio-1.37.0-cp39-cp39-manylinux2014_i686.whl", hash = "sha256:93d990885d392f564ef95a97e0d6936cb09ee404418e8c986835a4d1786b882d"},
    {file = "grpcio-1.37.0-cp39-cp39-manylinux2014_x86_64.whl", hash = "sha256:ebbb2796ec138cb56373f328f5046ccb9e591046cd8aaccbb8af5bfc397d8b53"},
    {file = "grpcio-1.37.0-cp39-cp39-win32.whl", hash = "sha256:adfef1a3994220bd39e5e2dd57714ca94c4c38c9015f2812a0b09b39f86ddbe0"},
    {file = "grpcio-1.37.0-cp39-cp39-win_amd64.whl", hash = "sha256:df142d51d7de3f8d13aaa78f7ddc7d74088226f92ec5aae8d98d8ae5d328f74b"},
    {file = "grpcio-1.37.0.tar.gz", hash = "sha256:b3ce16aa91569760fdabd77ca901b2288152eb16941d28edd9a3a75a0c4a8a85"},
]
grpcio-tools = [
    {file = "grpcio-tools-1.37.0.tar.gz", hash = "sha256:3ec510c1b6bfc32effc639acf9a055e72dab7a7b6757bf72f2132790d6a7cf1c"},
    {file = "grpcio_tools-1.37.0-cp27-cp27m-macosx_10_10_x86_64.whl", hash = "sha256:4018d6c6ebe68020172753675463a958f3bc579ed4ee24dfe8f12076beea7011"},
    {file = "grpcio_tools-1.37.0-cp27-cp27m-manylinux2010_i686.whl", hash = "sha256:3409fde6793cb9273e3515733d19b94baed70adeb65c7dc78cf992490fc947c5"},
    {file = "grpcio_tools-1.37.0-cp27-cp27m-manylinux2010_x86_64.whl", hash = "sha256:c2ae27b64e7a113b57b7effc79afcb8dc1bde175d0fd69bfa496447aae18c125"},
    {file = "grpcio_tools-1.37.0-cp27-cp27m-win32.whl", hash = "sha256:df290c1dcf504c74b25a320202aa8d7b9e3c18f2db19b18613a2e8513970b17f"},
    {file = "grpcio_tools-1.37.0-cp27-cp27m-win_amd64.whl", hash = "sha256:2fc318becc701d4f1a6ba200cdf44c1485a1eb8eef506064585092b0d43eef82"},
    {file = "grpcio_tools-1.37.0-cp27-cp27mu-manylinux2010_i686.whl", hash = "sha256:d5087058710468e2054049b24e31a88bfba4c244a0f1f4cc32b5439bb265d9e7"},
    {file = "grpcio_tools-1.37.0-cp27-cp27mu-manylinux2010_x86_64.whl", hash = "sha256:e7c87cb0a90d1f2cfd9cb0afa936663d639da97d67ad72102f30827709202d94"},
    {file = "grpcio_tools-1.37.0-cp35-cp35m-macosx_10_10_intel.whl", hash = "sha256:557dcb595f359795955c13c77d4ce6761b9502a8cd6dd9814d05a1fd882994aa"},
    {file = "grpcio_tools-1.37.0-cp35-cp35m-manylinux2010_i686.whl", hash = "sha256:501af4e929bbb6ab0c98b02a504963d80eff653b031e97d64e9d42a0e4b7e79f"},
    {file = "grpcio_tools-1.37.0-cp35-cp35m-manylinux2010_x86_64.whl", hash = "sha256:99def9a3a5c78f502a6416f72ced3e6b511276614cec9bdbfa580bdada84ccaf"},
    {file = "grpcio_tools-1.37.0-cp35-cp35m-manylinux2014_i686.whl", hash = "sha256:3f9c05dac8a3466f73b794c99c7e1a7dc1238c2d907f3c344682018f0a018dac"},
    {file = "grpcio_tools-1.37.0-cp35-cp35m-manylinux2014_x86_64.whl", hash = "sha256:c53457000e033281955894ed3de0a2efdec3a8d68b7f4ee3b03e66c18a270a2a"},
    {file = "grpcio_tools-1.37.0-cp35-cp35m-win32.whl", hash = "sha256:888b74dedebf8a00e8ab178acf0c7c844afa3fc69966fea9cb6239ccdf6bf319"},
    {file = "grpcio_tools-1.37.0-cp35-cp35m-win_amd64.whl", hash = "sha256:450c15eea7159951b0cdbc9d6703e1f7fa7cc7a3d851d7ec43a2c6e2023e7655"},
    {file = "grpcio_tools-1.37.0-cp36-cp36m-linux_armv7l.whl", hash = "sha256:92fd9db40762c45f15ebcd2e264a1c0b2e281c12fd0a70977629c9efc8d1d8b3"},
    {file = "grpcio_tools-1.37.0-cp36-cp36m-macosx_10_10_x86_64.whl", hash = "sha256:731b21a74b456539c505386f5d60369a1ddf72a65dc9bf7747f18a52ad39089a"},
    {file = "grpcio_tools-1.37.0-cp36-cp36m-manylinux2010_i686.whl", hash = "sha256:206fa2aa48d8887941e7407a5a90e4a76d45e8aee99d23af27ae7dfd3b410d64"},
    {file = "grpcio_tools-1.37.0-cp36-cp36m-manylinux2010_x86_64.whl", hash = "sha256:b684ddabdc81bb73583dadebce7a5807a1e7b3f55d52e615618f8d502fe5cadd"},
    {file = "grpcio_tools-1.37.0-cp36-cp36m-manylinux2014_i686.whl", hash = "sha256:265e19db587be9f2f8d2b99fd69a14e65d2cd419f23cd0ac381c9615ae2ee958"},
    {file = "grpcio_tools-1.37.0-cp36-cp36m-manylinux2014_x86_64.whl", hash = "sha256:8a1573c8788aa43a886ece51bbc2e3a1bad575df101b06e173f82359a864cd10"},
    {file = "grpcio_tools-1.37.0-cp36-cp36m-win32.whl", hash = "sha256:806411475a6d66384901b78bf2c9f9957890a3499c8ebee7127bc9938091775d"},
    {file = "grpcio_tools-1.37.0-cp36-cp36m-win_amd64.whl", hash = "sha256:ccdb1b5076f0a07b8876d7811003e3ddbb16b91eb547bcb4285cccaa24c0539c"},
    {file = "grpcio_tools-1.37.0-cp37-cp37m-linux_armv7l.whl", hash = "sha256:c6f1fa84ef5a040f5e4940f66cfff3f071b89ac40b1c7998924668993eba98d5"},
    {file = "grpcio_tools-1.37.0-cp37-cp37m-macosx_10_10_x86_64.whl", hash = "sha256:dd33af18e69e05ba3f80877db94d49baf4cf3695e4a22ca44739ea4036090fcc"},
    {file = "grpcio_tools-1.37.0-cp37-cp37m-manylinux2010_i686.whl", hash = "sha256:b9d4350874eb98ea56067b670b72d0f8ebe85513cfc4b4821125e1a8daf64e9c"},
    {file = "grpcio_tools-1.37.0-cp37-cp37m-manylinux2010_x86_64.whl", hash = "sha256:44a3808fbce1ce5184ee3443ecdbfad8aa1c0ddec1dd61bf4211fbcd4eb76416"},
    {file = "grpcio_tools-1.37.0-cp37-cp37m-manylinux2014_aarch64.whl", hash = "sha256:f477ca35024fc8cd6da68e3f9a4a7fcb3b65b307ccd9c822735ffdf1131c250d"},
    {file = "grpcio_tools-1.37.0-cp37-cp37m-manylinux2014_i686.whl", hash = "sha256:545f0b4ec1f4c19e241de19e68d428f866334ae642cedeb77e07d5146e464816"},
    {file = "grpcio_tools-1.37.0-cp37-cp37m-manylinux2014_x86_64.whl", hash = "sha256:d5e174c6c2a32ec925f4cd94330339a5aceea1963f22bbcde9a02fde4b6b6b0f"},
    {file = "grpcio_tools-1.37.0-cp37-cp37m-win32.whl", hash = "sha256:de1f83271686296ec1f96ac2ba9b0a9f302e867cf42dab300ea372190c80b3d6"},
    {file = "grpcio_tools-1.37.0-cp37-cp37m-win_amd64.whl", hash = "sha256:5e1098bf352eb72e69a132abd5ab1bd569e27a51e7daa858b7fbe4e85e07c941"},
    {file = "grpcio_tools-1.37.0-cp38-cp38-linux_armv7l.whl", hash = "sha256:52e24726e9d64350d60e47d0d07a02d0daa5edc0b46a360ca88a5e44dfa7a037"},
    {file = "grpcio_tools-1.37.0-cp38-cp38-macosx_10_10_x86_64.whl", hash = "sha256:ff3be2289c6d2b52667d26ad749ca36a2953f124536b231c99fc4f2ab9e51ef6"},
    {file = "grpcio_tools-1.37.0-cp38-cp38-manylinux2010_i686.whl", hash = "sha256:350327f66b259632556d8d68f4c00d5d3628473ee58442920782594c821bf548"},
    {file = "grpcio_tools-1.37.0-cp38-cp38-manylinux2010_x86_64.whl", hash = "sha256:f86f05a47a65b84635a6402a4114b29a7dfc9bbd92049d301fed052100832a33"},
    {file = "grpcio_tools-1.37.0-cp38-cp38-manylinux2014_aarch64.whl", hash = "sha256:0f06956775853d214af4878c82b571ad5ae4baf866234299cc544d2f6d863b29"},
    {file = "grpcio_tools-1.37.0-cp38-cp38-manylinux2014_i686.whl", hash = "sha256:055b2044f8724e5ae02c927fe58880ef39fc5bdf546b9126d90cae5fb4661879"},
    {file = "grpcio_tools-1.37.0-cp38-cp38-manylinux2014_x86_64.whl", hash = "sha256:ae34e6219194afbae65033cc416182b3473f9d0595733757861e8f5832091713"},
    {file = "grpcio_tools-1.37.0-cp38-cp38-win32.whl", hash = "sha256:a32de26574d91d88bd6fdbf94766e67883364c5f38f205c734ffa24608be17bd"},
    {file = "grpcio_tools-1.37.0-cp38-cp38-win_amd64.whl", hash = "sha256:480a2e98e386e737c54056baffeab09c7d400a050df9fda585c30b0e1b3595cc"},
    {file = "grpcio_tools-1.37.0-cp39-cp39-linux_armv7l.whl", hash = "sha256:b48e64b706ef3abe8feb4acc6aeaa12588fdc1a2d65477ebbaa7a443089b5f08"},
    {file = "grpcio_tools-1.37.0-cp39-cp39-macosx_10_10_x86_64.whl", hash = "sha256:374d7444d71bdebb3a879ff4bc52e0470ad5b77be9a8c6c5896793aef245e179"},
    {file = "grpcio_tools-1.37.0-cp39-cp39-manylinux2010_i686.whl", hash = "sha256:be352ff2360bcc691c036bfa2c13e99e560e3d619dc93b113c735906d9a88c4b"},
    {file = "grpcio_tools-1.37.0-cp39-cp39-manylinux2010_x86_64.whl", hash = "sha256:07d400f5d22131d4d8e77cc80a923e669cc6ff08cfe8848eefcc1b26078c9847"},
    {file = "grpcio_tools-1.37.0-cp39-cp39-manylinux2014_aarch64.whl", hash = "sha256:d1a91ccad1edb71bf9b5dfc2f48253041510e44190a0cd324b5728cebc4203cf"},
    {file = "grpcio_tools-1.37.0-cp39-cp39-manylinux2014_i686.whl", hash = "sha256:92d373659a1dd405a1b945a7594dcc3e173fb983ea6dd489a3f008ce7759c5b9"},
    {file = "grpcio_tools-1.37.0-cp39-cp39-manylinux2014_x86_64.whl", hash = "sha256:83e9f3da8f8b3580f074e3ffa900d7317b6dbdbea641af2d1d49c63b37521117"},
    {file = "grpcio_tools-1.37.0-cp39-cp39-win32.whl", hash = "sha256:841ebb76cb0588cfe1b3c71205b011aadaa179e09593c890715a0d670b570ab7"},
    {file = "grpcio_tools-1.37.0-cp39-cp39-win_amd64.whl", hash = "sha256:bde7358fc84fcb1b227d6cd53cfd40179851df9a3bbf650d492a180baa1e4986"},
]
mypy = [
    {file = "mypy-0.812-cp35-cp35m-macosx_10_9_x86_64.whl", hash = "sha256:a26f8ec704e5a7423c8824d425086705e381b4f1dfdef6e3a1edab7ba174ec49"},
    {file = "mypy-0.812-cp35-cp35m-manylinux1_x86_64.whl", hash = "sha256:28fb5479c494b1bab244620685e2eb3c3f988d71fd5d64cc753195e8ed53df7c"},
    {file = "mypy-0.812-cp35-cp35m-manylinux2010_x86_64.whl", hash = "sha256:9743c91088d396c1a5a3c9978354b61b0382b4e3c440ce83cf77994a43e8c521"},
    {file = "mypy-0.812-cp35-cp35m-win_amd64.whl", hash = "sha256:d7da2e1d5f558c37d6e8c1246f1aec1e7349e4913d8fb3cb289a35de573fe2eb"},
    {file = "mypy-0.812-cp36-cp36m-macosx_10_9_x86_64.whl", hash = "sha256:4eec37370483331d13514c3f55f446fc5248d6373e7029a29ecb7b7494851e7a"},
    {file = "mypy-0.812-cp36-cp36m-manylinux1_x86_64.whl", hash = "sha256:d65cc1df038ef55a99e617431f0553cd77763869eebdf9042403e16089fe746c"},
    {file = "mypy-0.812-cp36-cp36m-manylinux2010_x86_64.whl", hash = "sha256:61a3d5b97955422964be6b3baf05ff2ce7f26f52c85dd88db11d5e03e146a3a6"},
    {file = "mypy-0.812-cp36-cp36m-win_amd64.whl", hash = "sha256:25adde9b862f8f9aac9d2d11971f226bd4c8fbaa89fb76bdadb267ef22d10064"},
    {file = "mypy-0.812-cp37-cp37m-macosx_10_9_x86_64.whl", hash = "sha256:552a815579aa1e995f39fd05dde6cd378e191b063f031f2acfe73ce9fb7f9e56"},
    {file = "mypy-0.812-cp37-cp37m-manylinux1_x86_64.whl", hash = "sha256:499c798053cdebcaa916eef8cd733e5584b5909f789de856b482cd7d069bdad8"},
    {file = "mypy-0.812-cp37-cp37m-manylinux2010_x86_64.whl", hash = "sha256:5873888fff1c7cf5b71efbe80e0e73153fe9212fafdf8e44adfe4c20ec9f82d7"},
    {file = "mypy-0.812-cp37-cp37m-win_amd64.whl", hash = "sha256:9f94aac67a2045ec719ffe6111df543bac7874cee01f41928f6969756e030564"},
    {file = "mypy-0.812-cp38-cp38-macosx_10_9_x86_64.whl", hash = "sha256:d23e0ea196702d918b60c8288561e722bf437d82cb7ef2edcd98cfa38905d506"},
    {file = "mypy-0.812-cp38-cp38-manylinux1_x86_64.whl", hash = "sha256:674e822aa665b9fd75130c6c5f5ed9564a38c6cea6a6432ce47eafb68ee578c5"},
    {file = "mypy-0.812-cp38-cp38-manylinux2010_x86_64.whl", hash = "sha256:abf7e0c3cf117c44d9285cc6128856106183938c68fd4944763003decdcfeb66"},
    {file = "mypy-0.812-cp38-cp38-win_amd64.whl", hash = "sha256:0d0a87c0e7e3a9becdfbe936c981d32e5ee0ccda3e0f07e1ef2c3d1a817cf73e"},
    {file = "mypy-0.812-cp39-cp39-macosx_10_9_x86_64.whl", hash = "sha256:7ce3175801d0ae5fdfa79b4f0cfed08807af4d075b402b7e294e6aa72af9aa2a"},
    {file = "mypy-0.812-cp39-cp39-manylinux1_x86_64.whl", hash = "sha256:b09669bcda124e83708f34a94606e01b614fa71931d356c1f1a5297ba11f110a"},
    {file = "mypy-0.812-cp39-cp39-manylinux2010_x86_64.whl", hash = "sha256:33f159443db0829d16f0a8d83d94df3109bb6dd801975fe86bacb9bf71628e97"},
    {file = "mypy-0.812-cp39-cp39-win_amd64.whl", hash = "sha256:3f2aca7f68580dc2508289c729bd49ee929a436208d2b2b6aab15745a70a57df"},
    {file = "mypy-0.812-py3-none-any.whl", hash = "sha256:2f9b3407c58347a452fc0736861593e105139b905cca7d097e413453a1d650b4"},
    {file = "mypy-0.812.tar.gz", hash = "sha256:cd07039aa5df222037005b08fbbfd69b3ab0b0bd7a07d7906de75ae52c4e3119"},
]
mypy-extensions = [
    {file = "mypy_extensions-0.4.3-py2.py3-none-any.whl", hash = "sha256:090fedd75945a69ae91ce1303b5824f428daf5a028d2f6ab8a299250a846f15d"},
    {file = "mypy_extensions-0.4.3.tar.gz", hash = "sha256:2d82818f5bb3e369420cb3c4060a7970edba416647068eb4c5343488a6c604a8"},
]
mypy-protobuf = [
    {file = "mypy-protobuf-2.4.tar.gz", hash = "sha256:77e10c476cdd3ee14535c2357e64deac6b1a69f33eb500d795b064acda48c66f"},
    {file = "mypy_protobuf-2.4-py3-none-any.whl", hash = "sha256:1986dc8a7994a4e549be5c8ac586aa8247caf92456c67159d71dbe5005809651"},
]
protobuf = [
    {file = "protobuf-3.15.8-cp27-cp27m-macosx_10_9_x86_64.whl", hash = "sha256:fad4f971ec38d8df7f4b632c819bf9bbf4f57cfd7312cf526c69ce17ef32436a"},
    {file = "protobuf-3.15.8-cp27-cp27mu-manylinux1_x86_64.whl", hash = "sha256:f17b352d7ce33c81773cf81d536ca70849de6f73c96413f17309f4b43ae7040b"},
    {file = "protobuf-3.15.8-cp35-cp35m-macosx_10_9_intel.whl", hash = "sha256:4a054b0b5900b7ea7014099e783fb8c4618e4209fffcd6050857517b3f156e18"},
    {file = "protobuf-3.15.8-cp35-cp35m-manylinux1_x86_64.whl", hash = "sha256:efa4c4d4fc9ba734e5e85eaced70e1b63fb3c8d08482d839eb838566346f1737"},
    {file = "protobuf-3.15.8-cp35-cp35m-win32.whl", hash = "sha256:07eec4e2ccbc74e95bb9b3afe7da67957947ee95bdac2b2e91b038b832dd71f0"},
    {file = "protobuf-3.15.8-cp35-cp35m-win_amd64.whl", hash = "sha256:f9cadaaa4065d5dd4d15245c3b68b967b3652a3108e77f292b58b8c35114b56c"},
    {file = "protobuf-3.15.8-cp36-cp36m-macosx_10_9_x86_64.whl", hash = "sha256:2dc0e8a9e4962207bdc46a365b63a3f1aca6f9681a5082a326c5837ef8f4b745"},
    {file = "protobuf-3.15.8-cp36-cp36m-manylinux1_x86_64.whl", hash = "sha256:f80afc0a0ba13339bbab25ca0409e9e2836b12bb012364c06e97c2df250c3343"},
    {file = "protobuf-3.15.8-cp36-cp36m-win32.whl", hash = "sha256:c5566f956a26cda3abdfacc0ca2e21db6c9f3d18f47d8d4751f2209d6c1a5297"},
    {file = "protobuf-3.15.8-cp36-cp36m-win_amd64.whl", hash = "sha256:dab75b56a12b1ceb3e40808b5bd9dfdaef3a1330251956e6744e5b6ed8f8830b"},
    {file = "protobuf-3.15.8-cp37-cp37m-macosx_10_9_x86_64.whl", hash = "sha256:3053f13207e7f13dc7be5e9071b59b02020172f09f648e85dc77e3fcb50d1044"},
    {file = "protobuf-3.15.8-cp37-cp37m-manylinux1_x86_64.whl", hash = "sha256:1f0b5d156c3df08cc54bc2c8b8b875648ea4cd7ebb2a9a130669f7547ec3488c"},
    {file = "protobuf-3.15.8-cp37-cp37m-win32.whl", hash = "sha256:90270fe5732c1f1ff664a3bd7123a16456d69b4e66a09a139a00443a32f210b8"},
    {file = "protobuf-3.15.8-cp37-cp37m-win_amd64.whl", hash = "sha256:f42c2f5fb67da5905bfc03733a311f72fa309252bcd77c32d1462a1ad519521e"},
    {file = "protobuf-3.15.8-cp38-cp38-macosx_10_9_x86_64.whl", hash = "sha256:f6077db37bfa16494dca58a4a02bfdacd87662247ad6bc1f7f8d13ff3f0013e1"},
    {file = "protobuf-3.15.8-cp38-cp38-manylinux1_x86_64.whl", hash = "sha256:510e66491f1a5ac5953c908aa8300ec47f793130097e4557482803b187a8ee05"},
    {file = "protobuf-3.15.8-cp39-cp39-macosx_10_9_x86_64.whl", hash = "sha256:5ff9fa0e67fcab442af9bc8d4ec3f82cb2ff3be0af62dba047ed4187f0088b7d"},
    {file = "protobuf-3.15.8-cp39-cp39-manylinux1_x86_64.whl", hash = "sha256:1c0e9e56202b9dccbc094353285a252e2b7940b74fdf75f1b4e1b137833fabd7"},
    {file = "protobuf-3.15.8-py2.py3-none-any.whl", hash = "sha256:a0a08c6b2e6d6c74a6eb5bf6184968eefb1569279e78714e239d33126e753403"},
    {file = "protobuf-3.15.8.tar.gz", hash = "sha256:0277f62b1e42210cafe79a71628c1d553348da81cbd553402a7f7549c50b11d0"},
]
six = [
    {file = "six-1.15.0-py2.py3-none-any.whl", hash = "sha256:8b74bedcbbbaca38ff6d7491d76f2b06b3592611af620f8426e82dddb04a5ced"},
    {file = "six-1.15.0.tar.gz", hash = "sha256:30639c035cdb23534cd4aa2dd52c3bf48f06e5f4a941509c8bafd8ce11080259"},
]
typed-ast = [
    {file = "typed_ast-1.4.3-cp35-cp35m-manylinux1_i686.whl", hash = "sha256:2068531575a125b87a41802130fa7e29f26c09a2833fea68d9a40cf33902eba6"},
    {file = "typed_ast-1.4.3-cp35-cp35m-manylinux1_x86_64.whl", hash = "sha256:c907f561b1e83e93fad565bac5ba9c22d96a54e7ea0267c708bffe863cbe4075"},
    {file = "typed_ast-1.4.3-cp35-cp35m-manylinux2014_aarch64.whl", hash = "sha256:1b3ead4a96c9101bef08f9f7d1217c096f31667617b58de957f690c92378b528"},
    {file = "typed_ast-1.4.3-cp35-cp35m-win32.whl", hash = "sha256:dde816ca9dac1d9c01dd504ea5967821606f02e510438120091b84e852367428"},
    {file = "typed_ast-1.4.3-cp35-cp35m-win_amd64.whl", hash = "sha256:777a26c84bea6cd934422ac2e3b78863a37017618b6e5c08f92ef69853e765d3"},
    {file = "typed_ast-1.4.3-cp36-cp36m-macosx_10_9_x86_64.whl", hash = "sha256:f8afcf15cc511ada719a88e013cec87c11aff7b91f019295eb4530f96fe5ef2f"},
    {file = "typed_ast-1.4.3-cp36-cp36m-manylinux1_i686.whl", hash = "sha256:52b1eb8c83f178ab787f3a4283f68258525f8d70f778a2f6dd54d3b5e5fb4341"},
    {file = "typed_ast-1.4.3-cp36-cp36m-manylinux1_x86_64.whl", hash = "sha256:01ae5f73431d21eead5015997ab41afa53aa1fbe252f9da060be5dad2c730ace"},
    {file = "typed_ast-1.4.3-cp36-cp36m-manylinux2014_aarch64.whl", hash = "sha256:c190f0899e9f9f8b6b7863debfb739abcb21a5c054f911ca3596d12b8a4c4c7f"},
    {file = "typed_ast-1.4.3-cp36-cp36m-win32.whl", hash = "sha256:398e44cd480f4d2b7ee8d98385ca104e35c81525dd98c519acff1b79bdaac363"},
    {file = "typed_ast-1.4.3-cp36-cp36m-win_amd64.whl", hash = "sha256:bff6ad71c81b3bba8fa35f0f1921fb24ff4476235a6e94a26ada2e54370e6da7"},
    {file = "typed_ast-1.4.3-cp37-cp37m-macosx_10_9_x86_64.whl", hash = "sha256:0fb71b8c643187d7492c1f8352f2c15b4c4af3f6338f21681d3681b3dc31a266"},
    {file = "typed_ast-1.4.3-cp37-cp37m-manylinux1_i686.whl", hash = "sha256:760ad187b1041a154f0e4d0f6aae3e40fdb51d6de16e5c99aedadd9246450e9e"},
    {file = "typed_ast-1.4.3-cp37-cp37m-manylinux1_x86_64.whl", hash = "sha256:5feca99c17af94057417d744607b82dd0a664fd5e4ca98061480fd8b14b18d04"},
    {file = "typed_ast-1.4.3-cp37-cp37m-manylinux2014_aarch64.whl", hash = "sha256:95431a26309a21874005845c21118c83991c63ea800dd44843e42a916aec5899"},
    {file = "typed_ast-1.4.3-cp37-cp37m-win32.whl", hash = "sha256:aee0c1256be6c07bd3e1263ff920c325b59849dc95392a05f258bb9b259cf39c"},
    {file = "typed_ast-1.4.3-cp37-cp37m-win_amd64.whl", hash = "sha256:9ad2c92ec681e02baf81fdfa056fe0d818645efa9af1f1cd5fd6f1bd2bdfd805"},
    {file = "typed_ast-1.4.3-cp38-cp38-macosx_10_9_x86_64.whl", hash = "sha256:b36b4f3920103a25e1d5d024d155c504080959582b928e91cb608a65c3a49e1a"},
    {file = "typed_ast-1.4.3-cp38-cp38-manylinux1_i686.whl", hash = "sha256:067a74454df670dcaa4e59349a2e5c81e567d8d65458d480a5b3dfecec08c5ff"},
    {file = "typed_ast-1.4.3-cp38-cp38-manylinux1_x86_64.whl", hash = "sha256:7538e495704e2ccda9b234b82423a4038f324f3a10c43bc088a1636180f11a41"},
    {file = "typed_ast-1.4.3-cp38-cp38-manylinux2014_aarch64.whl", hash = "sha256:af3d4a73793725138d6b334d9d247ce7e5f084d96284ed23f22ee626a7b88e39"},
    {file = "typed_ast-1.4.3-cp38-cp38-win32.whl", hash = "sha256:f2362f3cb0f3172c42938946dbc5b7843c2a28aec307c49100c8b38764eb6927"},
    {file = "typed_ast-1.4.3-cp38-cp38-win_amd64.whl", hash = "sha256:dd4a21253f42b8d2b48410cb31fe501d32f8b9fbeb1f55063ad102fe9c425e40"},
    {file = "typed_ast-1.4.3-cp39-cp39-macosx_10_9_x86_64.whl", hash = "sha256:f328adcfebed9f11301eaedfa48e15bdece9b519fb27e6a8c01aa52a17ec31b3"},
    {file = "typed_ast-1.4.3-cp39-cp39-manylinux1_i686.whl", hash = "sha256:2c726c276d09fc5c414693a2de063f521052d9ea7c240ce553316f70656c84d4"},
    {file = "typed_ast-1.4.3-cp39-cp39-manylinux1_x86_64.whl", hash = "sha256:cae53c389825d3b46fb37538441f75d6aecc4174f615d048321b716df2757fb0"},
    {file = "typed_ast-1.4.3-cp39-cp39-manylinux2014_aarch64.whl", hash = "sha256:b9574c6f03f685070d859e75c7f9eeca02d6933273b5e69572e5ff9d5e3931c3"},
    {file = "typed_ast-1.4.3-cp39-cp39-win32.whl", hash = "sha256:209596a4ec71d990d71d5e0d312ac935d86930e6eecff6ccc7007fe54d703808"},
    {file = "typed_ast-1.4.3-cp39-cp39-win_amd64.whl", hash = "sha256:9c6d1a54552b5330bc657b7ef0eae25d00ba7ffe85d9ea8ae6540d2197a3788c"},
    {file = "typed_ast-1.4.3.tar.gz", hash = "sha256:fb1bbeac803adea29cedd70781399c99138358c26d05fcbd23c13016b7f5ec65"},
]
typing-extensions = [
    {file = "typing_extensions-3.7.4.3-py2-none-any.whl", hash = "sha256:dafc7639cde7f1b6e1acc0f457842a83e722ccca8eef5270af2d74792619a89f"},
    {file = "typing_extensions-3.7.4.3-py3-none-any.whl", hash = "sha256:7cb407020f00f7bfc3cb3e7881628838e69d8f3fcab2f64742a5e76b2f841918"},
    {file = "typing_extensions-3.7.4.3.tar.gz", hash = "sha256:99d4073b617d30288f569d3f13d2bd7548c3a7e4c8de87db09a9d29bb3a4a60c"},
]
